
Microsoft Visual Studio Solution File, Format Version 12.00
# Visual Studio Version 17
VisualStudioVersion = 17.13.35913.81 d17.13
MinimumVisualStudioVersion = 10.0.40219.1
Project("{FAE04EC0-301F-11D3-BF4B-00C04F79EFBC}") = "BT5", "BT5.csproj", "{F6167B14-FB16-4735-947C-EBCA4A3F3BED}"
EndProject
Global
	GlobalSection(SolutionConfigurationPlatforms) = preSolution
		Debug|Any CPU = Debug|Any CPU
		Release|Any CPU = Release|Any CPU
	EndGlobalSection
	GlobalSection(ProjectConfigurationPlatforms) = postSolution
		{F6167B14-FB16-4735-947C-EBCA4A3F3BED}.Debug|Any CPU.ActiveCfg = Debug|Any CPU
		{F6167B14-FB16-4735-947C-EBCA4A3F3BED}.Debug|Any CPU.Build.0 = Debug|Any CPU
		{F6167B14-FB16-4735-947C-EBCA4A3F3BED}.Release|Any CPU.ActiveCfg = Release|Any CPU
		{F6167B14-FB16-4735-947C-EBCA4A3F3BED}.Release|Any CPU.Build.0 = Release|Any CPU
	EndGlobalSection
	GlobalSection(SolutionProperties) = preSolution
		HideSolutionNode = FALSE
	EndGlobalSection
	GlobalSection(ExtensibilityGlobals) = postSolution
		SolutionGuid = {F263FA41-19FA-4D31-ABAD-E4A64F83B5DE}
	EndGlobalSection
EndGlobal
